
Microsoft Visual Studio Solution File, Format Version 12.00
# Visual Studio Version 17
VisualStudioVersion = 17.5.33424.131
MinimumVisualStudioVersion = 10.0.40219.1
Project("{9A19103F-16F7-4668-BE54-9A1E7A4F7556}") = "WifiGeddan", "WifiGeddan\WifiGeddan.csproj", "{76743518-7B1C-45F2-977E-139B2F022B71}"
EndProject
Global
	GlobalSection(SolutionConfigurationPlatforms) = preSolution
		Debug|Any CPU = Debug|Any CPU
		Release|Any CPU = Release|Any CPU
	EndGlobalSection
	GlobalSection(ProjectConfigurationPlatforms) = postSolution
		{76743518-7B1C-45F2-977E-139B2F022B71}.Debug|Any CPU.ActiveCfg = Debug|Any CPU
		{76743518-7B1C-45F2-977E-139B2F022B71}.Debug|Any CPU.Build.0 = Debug|Any CPU
		{76743518-7B1C-45F2-977E-139B2F022B71}.Release|Any CPU.ActiveCfg = Release|Any CPU
		{76743518-7B1C-45F2-977E-139B2F022B71}.Release|Any CPU.Build.0 = Release|Any CPU
	EndGlobalSection
	GlobalSection(SolutionProperties) = preSolution
		HideSolutionNode = FALSE
	EndGlobalSection
	GlobalSection(ExtensibilityGlobals) = postSolution
		SolutionGuid = {F88F9E7A-F1B7-4DBA-8641-EFFC5B635ACA}
	EndGlobalSection
EndGlobal
